{
  "deps_fingerprint": "c3155a68714e771157c760cb0f5a23ef1f0e182d5fa28b927e6739cbf2d2971f",
  "index_url": "https://pypi.org/simple",
  "packages": [
    {
      "name": "annotated-types",
      "sha256": "f072f4d804ea359e4eaf198b1af7a8b0943881a87f31bb764f8bf219bb9419e0",
      "url": "https://files.pythonhosted.org/packages/99/91/8acff4f5e50511b911bbccb72b8628a49c68ce14148cd9f6431094859a90/annotated_types-0.8.0-py3-none-any.whl",
      "version": "0.8.0"
    },
    {
      "name": "anyio",
      "sha256": "9f505dda5ac9f0c8309b5e8bd445a8c2bf7246f3ce950121e45ea15bc41d1494",
      "url": "https://files.pythonhosted.org/packages/da/35/f2287558c17e29fafc8ef3daf819bb9834061cfa43bff8014f7df7f63bdc/anyio-4.14.2-py3-none-any.whl",
      "version": "4.14.2"
    },
    {
      "name": "bcrypt",
      "sha256": "e84e0e6f8e40a242b11bce56c313edc2be121cec3e0ec2d76fce01f6af33c07c",
      "url": "https://files.pythonhosted.org/packages/76/b9/d51d34e6cd6d887adddb28a8680a1d34235cc45b9d6e238ce39b98199ca0/bcrypt-4.2.1-cp39-abi3-win_amd64.whl",
      "version": "4.2.1"
    },
    {
      "name": "certifi",
      "sha256": "62f22742b58a1a33014a2b6b706588a8d7e2a88ae7bd1a6ebe8c992928483775",
      "url": "https://files.pythonhosted.org/packages/0b/a7/71ac2cff56fec219ed242bb11b8efb69fcc4bec75db06fb7bfe35de520e6/certifi-2026.7.22-py3-none-any.whl",
      "version": "2026.7.22"
    },
    {
      "name": "click",
      "sha256": "e6f9f66136c816745b9d65817da91d61d957fb16e02e4dcd0552553c5a197b76",
      "url": "https://files.pythonhosted.org/packages/fb/e2/79c688af8b210d232694e31e59da9f6ec747bae31c3f5946e4e9b98860d5/click-8.4.2-py3-none-any.whl",
      "version": "8.4.2"
    },
    {
      "name": "colorama",
      "sha256": "4f1d9991f5acc0ca119f9d443620b77f9d6b33703e51011c16baf57afb285fc6",
      "url": "https://files.pythonhosted.org/packages/d1/d6/3965ed04c63042e047cb6a3e6ed1a63a35087b6a609aa3a15ed8ac56c221/colorama-0.4.6-py2.py3-none-any.whl",
      "version": "0.4.6"
    },
    {
      "name": "fastapi",
      "sha256": "e9240b29e36fa8f4bb7290316988e90c381e5092e0cbe84e7818cc3713bcf305",
      "url": "https://files.pythonhosted.org/packages/52/b3/7e4df40e585df024fac2f80d1a2d579c854ac37109675db2b0cc22c0bb9e/fastapi-0.115.6-py3-none-any.whl",
      "version": "0.115.6"
    },
    {
      "name": "h11",
      "sha256": "63cf8bbe7522de3bf65932fda1d9c2772064ffb3dae62d55932da54b31cb6c86",
      "url": "https://files.pythonhosted.org/packages/04/4b/29cac41a4d98d144bf5f6d33995617b185d14b22401f75ca86f384e87ff1/h11-0.16.0-py3-none-any.whl",
      "version": "0.16.0"
    },
    {
      "name": "httpcore",
      "sha256": "2d400746a40668fc9dec9810239072b40b4484b640a8c38fd654a024c7a1bf55",
      "url": "https://files.pythonhosted.org/packages/7e/f5/f66802a942d491edb555dd61e3a9961140fd64c90bce1eafd741609d334d/httpcore-1.0.9-py3-none-any.whl",
      "version": "1.0.9"
    },
    {
      "name": "httpx",
      "sha256": "d909fcccc110f8c7faf814ca82a9a4d816bc5a6dbfea25d6591d6985b8ba59ad",
      "url": "https://files.pythonhosted.org/packages/2a/39/e50c7c3a983047577ee07d2a9e53faf5a69493943ec3f6a384bdc792deb2/httpx-0.28.1-py3-none-any.whl",
      "version": "0.28.1"
    },
    {
      "name": "idna",
      "sha256": "7f952cbe720b688055e3f87de14f5c3e5fdaa8bc3928985c4077ca689de849a2",
      "url": "https://files.pythonhosted.org/packages/1e/5e/d4e9f1a599fb8e573b7b87160658329fbf28d19eac2718f51fc3def3aa5a/idna-3.18-py3-none-any.whl",
      "version": "3.18"
    },
    {
      "name": "mysql-connector-python",
      "sha256": "f324233af7ec9fcb19c23096af27662459708c0465886cb017d78ff3f5b78b55",
      "url": "https://files.pythonhosted.org/packages/72/37/a10de057e19ee725719dda7ce54bd43ea8b21328adaabaa521c65a545e35/mysql_connector_python-8.0.33-cp311-cp311-win_amd64.whl",
      "version": "8.0.33"
    },
    {
      "name": "protobuf",
      "sha256": "a7ca6d488aa8ff7f329d4c545b2dbad8ac31464f1d8b1c87ad1346717731e4db",
      "url": "https://files.pythonhosted.org/packages/8d/14/619e24a4c70df2901e1f4dbc50a6291eb63a759172558df326347dce1f0d/protobuf-3.20.3-py2.py3-none-any.whl",
      "version": "3.20.3"
    },
    {
      "name": "pydantic",
      "sha256": "45a282cde31d808236fd7ea9d919b128653c8b38b393d1c4ab335c62924d9aba",
      "url": "https://files.pythonhosted.org/packages/fd/7b/122376b1fd3c62c1ed9dc80c931ace4844b3c55407b6fb2d199377c9736f/pydantic-2.13.4-py3-none-any.whl",
      "version": "2.13.4"
    },
    {
      "name": "pydantic_core",
      "sha256": "6f2eeda33a839975441c86a4119e1383c50b47faf0cbb5176985565c6bb02c33",
      "url": "https://files.pythonhosted.org/packages/aa/e6/c505f83dfeda9a2e5c995cfd872949e4d05e12f7feb3dca72f633daefa94/pydantic_core-2.46.4-cp311-cp311-win_amd64.whl",
      "version": "2.46.4"
    },
    {
      "name": "starlette",
      "sha256": "44cedb2b7c77a9de33a8b74b2b90e9f50d11fcf25d8270ea525ad71a25374ff7",
      "url": "https://files.pythonhosted.org/packages/96/00/2b325970b3060c7cecebab6d295afe763365822b1306a12eeab198f74323/starlette-0.41.3-py3-none-any.whl",
      "version": "0.41.3"
    },
    {
      "name": "typing_extensions",
      "sha256": "481caa481374e813c1b176ada14e97f1f67a4539ce9cfeb3f350d78d6370c2e8",
      "url": "https://files.pythonhosted.org/packages/49/d3/b8441a820a491ddfc024b0b0cf0393375b75ea13866d9c66727e54c2fc80/typing_extensions-4.16.0-py3-none-any.whl",
      "version": "4.16.0"
    },
    {
      "name": "typing-inspection",
      "sha256": "4ed1cacbdc298c220f1bd249ed5287caa16f34d44ef4e9c3d0cbad5b521545e7",
      "url": "https://files.pythonhosted.org/packages/dc/9b/47798a6c91d8bdb567fe2698fe81e0c6b7cb7ef4d13da4114b41d239f65d/typing_inspection-0.4.2-py3-none-any.whl",
      "version": "0.4.2"
    },
    {
      "name": "uvicorn",
      "sha256": "82ad92fd58da0d12af7482ecdb5f2470a04c9c9a53ced65b9bbb4a205377602e",
      "url": "https://files.pythonhosted.org/packages/50/c1/2d27b0a15826c2b71dcf6e2f5402181ef85acf439617bb2f1453125ce1f3/uvicorn-0.32.1-py3-none-any.whl",
      "version": "0.32.1"
    }
  ],
  "platform": "win-amd64",
  "python": "3.11",
  "schema": 1
}
